
Microsoft Visual Studio Solution File, Format Version 12.00
# Visual Studio 15
VisualStudioVersion = 15.0.26124.0
MinimumVisualStudioVersion = 15.0.26124.0
Project("{FAE04EC0-301F-11D3-BF4B-00C04F79EFBC}") = "DroneDelivery.API", "DroneDelivery.API\DroneDelivery.API.csproj", "{53B43B39-5500-4462-B9B9-01C32BC573A8}"
EndProject
Project("{FAE04EC0-301F-11D3-BF4B-00C04F79EFBC}") = "DroneDelivery.CLI", "DroneDelivery.CLI\DroneDelivery.CLI.csproj", "{FAFAED94-FC06-434A-97B2-472346785D90}"
EndProject
Project("{FAE04EC0-301F-11D3-BF4B-00C04F79EFBC}") = "DroneDelivery.Lib", "DroneDelivery.Lib\DroneDelivery.Lib.csproj", "{D4B8E2E2-A429-428C-9A86-69A097876EB0}"
EndProject
Global
	GlobalSection(SolutionConfigurationPlatforms) = preSolution
		Debug|Any CPU = Debug|Any CPU
		Debug|x64 = Debug|x64
		Debug|x86 = Debug|x86
		Release|Any CPU = Release|Any CPU
		Release|x64 = Release|x64
		Release|x86 = Release|x86
	EndGlobalSection
	GlobalSection(SolutionProperties) = preSolution
		HideSolutionNode = FALSE
	EndGlobalSection
	GlobalSection(ProjectConfigurationPlatforms) = postSolution
		{53B43B39-5500-4462-B9B9-01C32BC573A8}.Debug|Any CPU.ActiveCfg = Debug|Any CPU
		{53B43B39-5500-4462-B9B9-01C32BC573A8}.Debug|Any CPU.Build.0 = Debug|Any CPU
		{53B43B39-5500-4462-B9B9-01C32BC573A8}.Debug|x64.ActiveCfg = Debug|Any CPU
		{53B43B39-5500-4462-B9B9-01C32BC573A8}.Debug|x64.Build.0 = Debug|Any CPU
		{53B43B39-5500-4462-B9B9-01C32BC573A8}.Debug|x86.ActiveCfg = Debug|Any CPU
		{53B43B39-5500-4462-B9B9-01C32BC573A8}.Debug|x86.Build.0 = Debug|Any CPU
		{53B43B39-5500-4462-B9B9-01C32BC573A8}.Release|Any CPU.ActiveCfg = Release|Any CPU
		{53B43B39-5500-4462-B9B9-01C32BC573A8}.Release|Any CPU.Build.0 = Release|Any CPU
		{53B43B39-5500-4462-B9B9-01C32BC573A8}.Release|x64.ActiveCfg = Release|Any CPU
		{53B43B39-5500-4462-B9B9-01C32BC573A8}.Release|x64.Build.0 = Release|Any CPU
		{53B43B39-5500-4462-B9B9-01C32BC573A8}.Release|x86.ActiveCfg = Release|Any CPU
		{53B43B39-5500-4462-B9B9-01C32BC573A8}.Release|x86.Build.0 = Release|Any CPU
		{FAFAED94-FC06-434A-97B2-472346785D90}.Debug|Any CPU.ActiveCfg = Debug|Any CPU
		{FAFAED94-FC06-434A-97B2-472346785D90}.Debug|Any CPU.Build.0 = Debug|Any CPU
		{FAFAED94-FC06-434A-97B2-472346785D90}.Debug|x64.ActiveCfg = Debug|Any CPU
		{FAFAED94-FC06-434A-97B2-472346785D90}.Debug|x64.Build.0 = Debug|Any CPU
		{FAFAED94-FC06-434A-97B2-472346785D90}.Debug|x86.ActiveCfg = Debug|Any CPU
		{FAFAED94-FC06-434A-97B2-472346785D90}.Debug|x86.Build.0 = Debug|Any CPU
		{FAFAED94-FC06-434A-97B2-472346785D90}.Release|Any CPU.ActiveCfg = Release|Any CPU
		{FAFAED94-FC06-434A-97B2-472346785D90}.Release|Any CPU.Build.0 = Release|Any CPU
		{FAFAED94-FC06-434A-97B2-472346785D90}.Release|x64.ActiveCfg = Release|Any CPU
		{FAFAED94-FC06-434A-97B2-472346785D90}.Release|x64.Build.0 = Release|Any CPU
		{FAFAED94-FC06-434A-97B2-472346785D90}.Release|x86.ActiveCfg = Release|Any CPU
		{FAFAED94-FC06-434A-97B2-472346785D90}.Release|x86.Build.0 = Release|Any CPU
		{D4B8E2E2-A429-428C-9A86-69A097876EB0}.Debug|Any CPU.ActiveCfg = Debug|Any CPU
		{D4B8E2E2-A429-428C-9A86-69A097876EB0}.Debug|Any CPU.Build.0 = Debug|Any CPU
		{D4B8E2E2-A429-428C-9A86-69A097876EB0}.Debug|x64.ActiveCfg = Debug|Any CPU
		{D4B8E2E2-A429-428C-9A86-69A097876EB0}.Debug|x64.Build.0 = Debug|Any CPU
		{D4B8E2E2-A429-428C-9A86-69A097876EB0}.Debug|x86.ActiveCfg = Debug|Any CPU
		{D4B8E2E2-A429-428C-9A86-69A097876EB0}.Debug|x86.Build.0 = Debug|Any CPU
		{D4B8E2E2-A429-428C-9A86-69A097876EB0}.Release|Any CPU.ActiveCfg = Release|Any CPU
		{D4B8E2E2-A429-428C-9A86-69A097876EB0}.Release|Any CPU.Build.0 = Release|Any CPU
		{D4B8E2E2-A429-428C-9A86-69A097876EB0}.Release|x64.ActiveCfg = Release|Any CPU
		{D4B8E2E2-A429-428C-9A86-69A097876EB0}.Release|x64.Build.0 = Release|Any CPU
		{D4B8E2E2-A429-428C-9A86-69A097876EB0}.Release|x86.ActiveCfg = Release|Any CPU
		{D4B8E2E2-A429-428C-9A86-69A097876EB0}.Release|x86.Build.0 = Release|Any CPU
	EndGlobalSection
EndGlobal
